PODS:
  - LookinServer (1.2.5):
    - LookinServer/Core (= 1.2.5)
  - LookinServer/Core (1.2.5)
  - MMDrawerController (0.6.0):
    - MMDrawerController/Core (= 0.6.0)
    - MMDrawerController/MMDrawerBarButtonItem (= 0.6.0)
    - MMDrawerController/MMDrawerVisualStates (= 0.6.0)
    - MMDrawerController/Subclass (= 0.6.0)
  - MMDrawerController/Core (0.6.0)
  - MMDrawerController/MMDrawerBarButtonItem (0.6.0):
    - MMDrawerController/Core
  - MMDrawerController/MMDrawerVisualStates (0.6.0):
    - MMDrawerController/Core
  - MMDrawerController/Subclass (0.6.0):
    - MMDrawerController/Core
  - NSObject-SafeExpectations (0.0.6)
  - UIDeviceIdentifier (2.3.0)
  - WordPressKit (14.0.0):
    - NSObject-SafeExpectations (~> 0.0.4)
    - UIDeviceIdentifier (~> 2.0)
    - WordPressShared (~> 2.0-beta)
    - wpxmlrpc (~> 0.10)
  - WordPressShared (2.3.1)
  - wpxmlrpc (0.10.0)

DEPENDENCIES:
  - LookinServer
  - MMDrawerController
  - WordPressKit

SPEC REPOS:
  trunk:
    - LookinServer
    - MMDrawerController
    - NSObject-SafeExpectations
    - UIDeviceIdentifier
    - WordPressKit
    - WordPressShared
    - wpxmlrpc

SPEC CHECKSUMS:
  LookinServer: 6805292e8d2ff9ddfcfaa9357fc5c1f277c90afd
  MMDrawerController: e3a54a5570388463ad3b36975251575b50c4e1a0
  NSObject-SafeExpectations: c01c8881cbd97efad6f668286b913cd0b7d62ab5
  UIDeviceIdentifier: 442b65b4ff1832d4ca9c2a157815cb29ad981b17
  WordPressKit: 3d39853f98d29f0151c5c69a6a0befa33e5fce62
  WordPressShared: 04c6d51441bb8fa29651075b3a5536c90ae89c76
  wpxmlrpc: 68db063041e85d186db21f674adf08d9c70627fd

PODFILE CHECKSUM: b58571773c9221a13a3a84ebcce21296e09bc789

COCOAPODS: 1.14.3
