PODS:
  - LookinServer (1.2.5):
    - LookinServer/Core (= 1.2.5)
  - LookinServer/Core (1.2.5)
  - MMDrawerController (0.6.0):
    - MMDrawerController/Core (= 0.6.0)
    - MMDrawerController/MMDrawerBarButtonItem (= 0.6.0)
    - MMDrawerController/MMDrawerVisualStates (= 0.6.0)
    - MMDrawerController/Subclass (= 0.6.0)
  - MMDrawerController/Core (0.6.0)
  - MMDrawerController/MMDrawerBarButtonItem (0.6.0):
    - MMDrawerController/Core
  - MMDrawerController/MMDrawerVisualStates (0.6.0):
    - MMDrawerController/Core
  - MMDrawerController/Subclass (0.6.0):
    - MMDrawerController/Core

DEPENDENCIES:
  - LookinServer
  - MMDrawerController

SPEC REPOS:
  trunk:
    - LookinServer
    - MMDrawerController

SPEC CHECKSUMS:
  LookinServer: 6805292e8d2ff9ddfcfaa9357fc5c1f277c90afd
  MMDrawerController: e3a54a5570388463ad3b36975251575b50c4e1a0

PODFILE CHECKSUM: cfdc9611deb8106527f24ac344da7c2793b160ea

COCOAPODS: 1.14.3
