PODS:
  - LookinServer (1.2.8):
    - LookinServer/Core (= 1.2.8)
  - LookinServer/Core (1.2.8)
  - MMDrawerController (0.6.0):
    - MMDrawerController/Core (= 0.6.0)
    - MMDrawerController/MMDrawerBarButtonItem (= 0.6.0)
    - MMDrawerController/MMDrawerVisualStates (= 0.6.0)
    - MMDrawerController/Subclass (= 0.6.0)
  - MMDrawerController/Core (0.6.0)
  - MMDrawerController/MMDrawerBarButtonItem (0.6.0):
    - MMDrawerController/Core
  - MMDrawerController/MMDrawerVisualStates (0.6.0):
    - MMDrawerController/Core
  - MMDrawerController/Subclass (0.6.0):
    - MMDrawerController/Core
  - NSObject-SafeExpectations (0.0.6)
  - UIDeviceIdentifier (2.3.0)
  - WordPressKit (17.3.0):
    - NSObject-SafeExpectations (~> 0.0.4)
    - UIDeviceIdentifier (~> 2.0)
    - WordPressShared (~> 2.0-beta)
    - wpxmlrpc (~> 0.10)
  - WordPressShared (2.4.0)
  - wpxmlrpc (0.10.0)

DEPENDENCIES:
  - LookinServer
  - MMDrawerController
  - WordPressKit

SPEC REPOS:
  https://mirrors.tuna.tsinghua.edu.cn/git/CocoaPods/Specs.git:
    - LookinServer
    - MMDrawerController
    - NSObject-SafeExpectations
    - UIDeviceIdentifier
    - WordPressKit
    - WordPressShared
    - wpxmlrpc

SPEC CHECKSUMS:
  LookinServer: 1b2b61c6402ae29fa22182d48f5cd067b4e99e80
  MMDrawerController: e3a54a5570388463ad3b36975251575b50c4e1a0
  NSObject-SafeExpectations: c01c8881cbd97efad6f668286b913cd0b7d62ab5
  UIDeviceIdentifier: 442b65b4ff1832d4ca9c2a157815cb29ad981b17
  WordPressKit: faf8c6de7c2acfe71cf95b4db896901060967089
  WordPressShared: 1977fc21b8208cc316f0467a62bb8ac10fba8106
  wpxmlrpc: 68db063041e85d186db21f674adf08d9c70627fd

PODFILE CHECKSUM: bb3136e5aabde54559ccfd5e29bc5e5e980661fb

COCOAPODS: 1.16.2
